
Microsoft Visual Studio Solution File, Format Version 12.00
Project("{2150E333-8FDC-42A3-9474-1A3956D46DE8}") = "Data", "Data", "{D3098C21-0BFD-47AB-9998-FF9345F5C4C2}"
EndProject
Project("{FAE04EC0-301F-11D3-BF4B-00C04F79EFBC}") = "InfoStorage", "InfoStorage\InfoStorage.csproj", "{5E9344F5-B34C-4115-93D8-EFB699FF5910}"
EndProject
Project("{FAE04EC0-301F-11D3-BF4B-00C04F79EFBC}") = "FilesStorage", "FilesStorage\FilesStorage.csproj", "{121E9F2C-A69E-4F71-A7C7-928EA122337D}"
EndProject
Project("{FAE04EC0-301F-11D3-BF4B-00C04F79EFBC}") = "FilesStorageTests", "FilesStorageTests\FilesStorageTests.csproj", "{EB880B73-BF2D-4C39-A019-2A3CB4F804AF}"
EndProject
Project("{FAE04EC0-301F-11D3-BF4B-00C04F79EFBC}") = "InfoStorage.Tests", "InfoStorage.Tests\InfoStorage.Tests.csproj", "{4A9C491A-BAA9-4AA2-9CA4-25061B5E09F4}"
EndProject
Project("{2150E333-8FDC-42A3-9474-1A3956D46DE8}") = "API", "API", "{1DB70A01-80B9-4F78-A0DA-E2DAB15BAAF6}"
EndProject
Project("{FAE04EC0-301F-11D3-BF4B-00C04F79EFBC}") = "FileStorageAPI", "FileStorageAPI\FileStorageAPI.csproj", "{9BF5E69D-4518-406D-B641-CE3374F3BB49}"
EndProject
Project("{FAE04EC0-301F-11D3-BF4B-00C04F79EFBC}") = "FileStorageAPI.Tests", "FileStorageAPI.Tests\FileStorageAPI.Tests.csproj", "{DC390ABC-CB95-4BC9-BD01-4D004BAE59A1}"
EndProject
Project("{FAE04EC0-301F-11D3-BF4B-00C04F79EFBC}") = "DataBaseFiller", "DataBaseFiller\DataBaseFiller.csproj", "{AD4DC541-1EDB-47FD-96A8-4FA91A550E20}"
EndProject
Project("{FAE04EC0-301F-11D3-BF4B-00C04F79EFBC}") = "JwtAuth", "JwtAuth\JwtAuth.csproj", "{ED01955A-23A5-4107-8FDD-2E906B839FCC}"
EndProject
Project("{FAE04EC0-301F-11D3-BF4B-00C04F79EFBC}") = "TelegramAuth", "TelegramAuth\TelegramAuth.csproj", "{E5E5DCA0-B799-4E0A-925C-36FB6231D336}"
EndProject
Project("{2150E333-8FDC-42A3-9474-1A3956D46DE8}") = "Search", "Search", "{FF50D1FC-9A3D-4F38-BFDF-08C3B9133316}"
EndProject
Project("{FAE04EC0-301F-11D3-BF4B-00C04F79EFBC}") = "DocumentsIndex", "DocumentsIndex\DocumentsIndex.csproj", "{C6C95E17-6285-4B31-A460-120D318AD928}"
EndProject
Project("{FAE04EC0-301F-11D3-BF4B-00C04F79EFBC}") = "Test", "Test\Test.csproj", "{48CC830B-7E46-40EA-B3C1-4582A3A1CA82}"
EndProject
Global
	GlobalSection(SolutionConfigurationPlatforms) = preSolution
		Debug|Any CPU = Debug|Any CPU
		Release|Any CPU = Release|Any CPU
	EndGlobalSection
	GlobalSection(NestedProjects) = preSolution
		{5E9344F5-B34C-4115-93D8-EFB699FF5910} = {D3098C21-0BFD-47AB-9998-FF9345F5C4C2}
		{121E9F2C-A69E-4F71-A7C7-928EA122337D} = {D3098C21-0BFD-47AB-9998-FF9345F5C4C2}
								{EB880B73-BF2D-4C39-A019-2A3CB4F804AF} = {D3098C21-0BFD-47AB-9998-FF9345F5C4C2}
		{4A9C491A-BAA9-4AA2-9CA4-25061B5E09F4} = {D3098C21-0BFD-47AB-9998-FF9345F5C4C2}
		{EB880B73-BF2D-4C39-A019-2A3CB4F804AF} = {D3098C21-0BFD-47AB-9998-FF9345F5C4C2}
		{9BF5E69D-4518-406D-B641-CE3374F3BB49} = {1DB70A01-80B9-4F78-A0DA-E2DAB15BAAF6}
		{DC390ABC-CB95-4BC9-BD01-4D004BAE59A1} = {1DB70A01-80B9-4F78-A0DA-E2DAB15BAAF6}
		{AD4DC541-1EDB-47FD-96A8-4FA91A550E20} = {1DB70A01-80B9-4F78-A0DA-E2DAB15BAAF6}
		{ED01955A-23A5-4107-8FDD-2E906B839FCC} = {1DB70A01-80B9-4F78-A0DA-E2DAB15BAAF6}
	
		{E5E5DCA0-B799-4E0A-925C-36FB6231D336} = {1DB70A01-80B9-4F78-A0DA-E2DAB15BAAF6}
		{C6C95E17-6285-4B31-A460-120D318AD928} = {FF50D1FC-9A3D-4F38-BFDF-08C3B9133316}
		{48CC830B-7E46-40EA-B3C1-4582A3A1CA82} = {FF50D1FC-9A3D-4F38-BFDF-08C3B9133316}
	EndGlobalSection
	GlobalSection(ProjectConfigurationPlatforms) = postSolution
		{5E9344F5-B34C-4115-93D8-EFB699FF5910}.Debug|Any CPU.ActiveCfg = Debug|Any CPU
		{5E9344F5-B34C-4115-93D8-EFB699FF5910}.Debug|Any CPU.Build.0 = Debug|Any CPU
		{5E9344F5-B34C-4115-93D8-EFB699FF5910}.Release|Any CPU.ActiveCfg = Release|Any CPU
		{5E9344F5-B34C-4115-93D8-EFB699FF5910}.Release|Any CPU.Build.0 = Release|Any CPU
		{121E9F2C-A69E-4F71-A7C7-928EA122337D}.Debug|Any CPU.ActiveCfg = Debug|Any CPU
								{121E9F2C-A69E-4F71-A7C7-928EA122337D}.Debug|Any CPU.Build.0 = Debug|Any CPU
								{121E9F2C-A69E-4F71-A7C7-928EA122337D}.Release|Any CPU.ActiveCfg = Release|Any CPU
								{121E9F2C-A69E-4F71-A7C7-928EA122337D}.Release|Any CPU.Build.0 = Release|Any CPU
								{EB880B73-BF2D-4C39-A019-2A3CB4F804AF}.Debug|Any CPU.ActiveCfg = Debug|Any CPU
								{EB880B73-BF2D-4C39-A019-2A3CB4F804AF}.Debug|Any CPU.Build.0 = Debug|Any CPU
								{EB880B73-BF2D-4C39-A019-2A3CB4F804AF}.Release|Any CPU.ActiveCfg = Release|Any CPU
								{EB880B73-BF2D-4C39-A019-2A3CB4F804AF}.Release|Any CPU.Build.0 = Release|Any CPU
		{4A9C491A-BAA9-4AA2-9CA4-25061B5E09F4}.Debug|Any CPU.ActiveCfg = Debug|Any CPU
		{4A9C491A-BAA9-4AA2-9CA4-25061B5E09F4}.Debug|Any CPU.Build.0 = Debug|Any CPU
		{4A9C491A-BAA9-4AA2-9CA4-25061B5E09F4}.Release|Any CPU.ActiveCfg = Release|Any CPU
		{4A9C491A-BAA9-4AA2-9CA4-25061B5E09F4}.Release|Any CPU.Build.0 = Release|Any CPU
		{121E9F2C-A69E-4F71-A7C7-928EA122337D}.Debug|Any CPU.Build.0 = Debug|Any CPU
		{121E9F2C-A69E-4F71-A7C7-928EA122337D}.Release|Any CPU.ActiveCfg = Release|Any CPU
		{121E9F2C-A69E-4F71-A7C7-928EA122337D}.Release|Any CPU.Build.0 = Release|Any CPU
		{EB880B73-BF2D-4C39-A019-2A3CB4F804AF}.Debug|Any CPU.ActiveCfg = Debug|Any CPU
		{EB880B73-BF2D-4C39-A019-2A3CB4F804AF}.Debug|Any CPU.Build.0 = Debug|Any CPU
		{EB880B73-BF2D-4C39-A019-2A3CB4F804AF}.Release|Any CPU.ActiveCfg = Release|Any CPU
		{EB880B73-BF2D-4C39-A019-2A3CB4F804AF}.Release|Any CPU.Build.0 = Release|Any CPU
		{9BF5E69D-4518-406D-B641-CE3374F3BB49}.Release|Any CPU.ActiveCfg = Release|Any CPU
		{9BF5E69D-4518-406D-B641-CE3374F3BB49}.Release|Any CPU.Build.0 = Release|Any CPU
		{9BF5E69D-4518-406D-B641-CE3374F3BB49}.Debug|Any CPU.ActiveCfg = Debug|Any CPU
		{9BF5E69D-4518-406D-B641-CE3374F3BB49}.Debug|Any CPU.Build.0 = Debug|Any CPU
		{DC390ABC-CB95-4BC9-BD01-4D004BAE59A1}.Debug|Any CPU.ActiveCfg = Debug|Any CPU
		{DC390ABC-CB95-4BC9-BD01-4D004BAE59A1}.Debug|Any CPU.Build.0 = Debug|Any CPU
		{DC390ABC-CB95-4BC9-BD01-4D004BAE59A1}.Release|Any CPU.ActiveCfg = Release|Any CPU
		{DC390ABC-CB95-4BC9-BD01-4D004BAE59A1}.Release|Any CPU.Build.0 = Release|Any CPU
		{AD4DC541-1EDB-47FD-96A8-4FA91A550E20}.Debug|Any CPU.ActiveCfg = Debug|Any CPU
		{AD4DC541-1EDB-47FD-96A8-4FA91A550E20}.Debug|Any CPU.Build.0 = Debug|Any CPU
		{AD4DC541-1EDB-47FD-96A8-4FA91A550E20}.Release|Any CPU.ActiveCfg = Release|Any CPU
		{AD4DC541-1EDB-47FD-96A8-4FA91A550E20}.Release|Any CPU.Build.0 = Release|Any CPU
		{ED01955A-23A5-4107-8FDD-2E906B839FCC}.Debug|Any CPU.ActiveCfg = Debug|Any CPU
		{ED01955A-23A5-4107-8FDD-2E906B839FCC}.Debug|Any CPU.Build.0 = Debug|Any CPU
		{ED01955A-23A5-4107-8FDD-2E906B839FCC}.Release|Any CPU.ActiveCfg = Release|Any CPU
		{ED01955A-23A5-4107-8FDD-2E906B839FCC}.Release|Any CPU.Build.0 = Release|Any CPU
	
		{E5E5DCA0-B799-4E0A-925C-36FB6231D336}.Debug|Any CPU.ActiveCfg = Debug|Any CPU
		{E5E5DCA0-B799-4E0A-925C-36FB6231D336}.Debug|Any CPU.Build.0 = Debug|Any CPU
		{E5E5DCA0-B799-4E0A-925C-36FB6231D336}.Release|Any CPU.ActiveCfg = Release|Any CPU
		{E5E5DCA0-B799-4E0A-925C-36FB6231D336}.Release|Any CPU.Build.0 = Release|Any CPU
		{C6C95E17-6285-4B31-A460-120D318AD928}.Debug|Any CPU.ActiveCfg = Debug|Any CPU
		{C6C95E17-6285-4B31-A460-120D318AD928}.Debug|Any CPU.Build.0 = Debug|Any CPU
		{C6C95E17-6285-4B31-A460-120D318AD928}.Release|Any CPU.ActiveCfg = Release|Any CPU
		{C6C95E17-6285-4B31-A460-120D318AD928}.Release|Any CPU.Build.0 = Release|Any CPU
		{48CC830B-7E46-40EA-B3C1-4582A3A1CA82}.Debug|Any CPU.ActiveCfg = Debug|Any CPU
		{48CC830B-7E46-40EA-B3C1-4582A3A1CA82}.Debug|Any CPU.Build.0 = Debug|Any CPU
		{48CC830B-7E46-40EA-B3C1-4582A3A1CA82}.Release|Any CPU.ActiveCfg = Release|Any CPU
		{48CC830B-7E46-40EA-B3C1-4582A3A1CA82}.Release|Any CPU.Build.0 = Release|Any CPU
	EndGlobalSection
EndGlobal
