
Microsoft Visual Studio Solution File, Format Version 12.00
Project("{2150E333-8FDC-42A3-9474-1A3956D46DE8}") = "Data", "Data", "{D3098C21-0BFD-47AB-9998-FF9345F5C4C2}"
EndProject
Project("{FAE04EC0-301F-11D3-BF4B-00C04F79EFBC}") = "InfoStorage", "InfoStorage\InfoStorage.csproj", "{5E9344F5-B34C-4115-93D8-EFB699FF5910}"
EndProject
Project("{FAE04EC0-301F-11D3-BF4B-00C04F79EFBC}") = "FilesStorage", "FilesStorage\FilesStorage.csproj", "{121E9F2C-A69E-4F71-A7C7-928EA122337D}"
EndProject
Project("{FAE04EC0-301F-11D3-BF4B-00C04F79EFBC}") = "FilesStorageTests", "FilesStorageTests\FilesStorageTests.csproj", "{EB880B73-BF2D-4C39-A019-2A3CB4F804AF}"
EndProject
Project("{FAE04EC0-301F-11D3-BF4B-00C04F79EFBC}") = "InfoStorage.Tests", "InfoStorage.Tests\InfoStorage.Tests.csproj", "{4A9C491A-BAA9-4AA2-9CA4-25061B5E09F4}"
EndProject
Project("{2150E333-8FDC-42A3-9474-1A3956D46DE8}") = "API", "API", "{1DB70A01-80B9-4F78-A0DA-E2DAB15BAAF6}"
EndProject
Project("{FAE04EC0-301F-11D3-BF4B-00C04F79EFBC}") = "FileStorageAPI", "FileStorageAPI\FileStorageAPI.csproj", "{9BF5E69D-4518-406D-B641-CE3374F3BB49}"
EndProject
Project("{FAE04EC0-301F-11D3-BF4B-00C04F79EFBC}") = "FileStorageAPI.Tests", "FileStorageAPI.Tests\FileStorageAPI.Tests.csproj", "{DC390ABC-CB95-4BC9-BD01-4D004BAE59A1}"
EndProject
Project("{FAE04EC0-301F-11D3-BF4B-00C04F79EFBC}") = "DataBaseFiller", "DataBaseFiller\DataBaseFiller.csproj", "{AD4DC541-1EDB-47FD-96A8-4FA91A550E20}"
EndProject
Project("{FAE04EC0-301F-11D3-BF4B-00C04F79EFBC}") = "JwtAuth", "JwtAuth\JwtAuth.csproj", "{ED01955A-23A5-4107-8FDD-2E906B839FCC}"
EndProject
Project("{FAE04EC0-301F-11D3-BF4B-00C04F79EFBC}") = "TelegramAuth", "TelegramAuth\TelegramAuth.csproj", "{E5E5DCA0-B799-4E0A-925C-36FB6231D336}"
EndProject
Project("{2150E333-8FDC-42A3-9474-1A3956D46DE8}") = "Search", "Search", "{FF50D1FC-9A3D-4F38-BFDF-08C3B9133316}"
EndProject
Project("{FAE04EC0-301F-11D3-BF4B-00C04F79EFBC}") = "DocumentsIndex", "DocumentsIndex\DocumentsIndex.csproj", "{C6C95E17-6285-4B31-A460-120D318AD928}"
EndProject
Project("{FAE04EC0-301F-11D3-BF4B-00C04F79EFBC}") = "DocumentsIndex.Tests", "DocumentsIndex.Tests\DocumentsIndex.Tests.csproj", "{93B82477-D894-4C01-913E-E86E171E4878}"
EndProject
Project("{FAE04EC0-301F-11D3-BF4B-00C04F79EFBC}") = "DocumentsIndex.Benchmarks", "DocumentsIndex.Benchmarks\DocumentsIndex.Benchmarks.csproj", "{6B946D36-0D90-489B-8273-D90C0EE5FF1B}"
EndProject
Project("{FAE04EC0-301F-11D3-BF4B-00C04F79EFBC}") = "SearchDocumentsAPI", "SearchDocumentsAPI\SearchDocumentsAPI.csproj", "{17B189F4-E69B-4E33-AE5F-0312278CB312}"
EndProject
Project("{FAE04EC0-301F-11D3-BF4B-00C04F79EFBC}") = "SearchDocumentsAPI.Tests", "SearchDocumentsAPI.Tests\SearchDocumentsAPI.Tests.csproj", "{229A1150-CAF0-40C8-9DF5-C65B002FF1C8}"
EndProject
Project("{2150E333-8FDC-42A3-9474-1A3956D46DE8}") = "Common", "Common", "{E160F0F6-39EF-4E30-817F-0CBFC653A154}"
EndProject
Project("{FAE04EC0-301F-11D3-BF4B-00C04F79EFBC}") = "API", "API\API.csproj", "{F7546DF6-E509-4E0F-AE68-20A4AB88003A}"
EndProject
Project("{FAE04EC0-301F-11D3-BF4B-00C04F79EFBC}") = "DocumentsIndex.Contracts", "DocumentsIndex.Contracts\DocumentsIndex.Contracts.csproj", "{72313028-46E8-4C0C-A7CF-F989AC4AB8DD}"
EndProject
Project("{FAE04EC0-301F-11D3-BF4B-00C04F79EFBC}") = "Data", "Data\Data.csproj", "{73C6A1FF-4B1A-485D-8E00-D2E026AD6727}"
EndProject
Project("{2150E333-8FDC-42A3-9474-1A3956D46DE8}") = "DocumentСlassifications", "DocumentСlassifications", "{BF704669-E5CE-4D3A-BD01-636C2406ACFB}"
EndProject
Project("{FAE04EC0-301F-11D3-BF4B-00C04F79EFBC}") = "DocumentClassificationsAPI", "DocumentClassificationsAPI\DocumentClassificationsAPI.csproj", "{BA0F6536-6FA4-4353-90ED-8ED157ECA5EE}"
EndProject
Project("{FAE04EC0-301F-11D3-BF4B-00C04F79EFBC}") = "RightServices", "RightServices\RightServices.csproj", "{F9EDE00C-53BA-4219-B458-6F8C3A24021F}"
EndProject
Project("{FAE04EC0-301F-11D3-BF4B-00C04F79EFBC}") = "TokenGenerator", "TokenGenerator\TokenGenerator.csproj", "{9EECB882-D2F1-4148-AF3B-A5AB9FBCA1FC}"
EndProject
Project("{FAE04EC0-301F-11D3-BF4B-00C04F79EFBC}") = "DocumentClassificationsAPI.Tests", "DocumentClassificationsAPI.Tests\DocumentClassificationsAPI.Tests.csproj", "{1EC3CF0E-7CFD-4E14-88D9-0B8D4F879DB4}"
EndProject
Project("{FAE04EC0-301F-11D3-BF4B-00C04F79EFBC}") = "API.Tests", "API.Tests\API.Tests.csproj", "{C3B3A9BC-B702-4401-8223-632C6FF8F4D6}"
EndProject
Global
	GlobalSection(SolutionConfigurationPlatforms) = preSolution
		Debug|Any CPU = Debug|Any CPU
		Release|Any CPU = Release|Any CPU
	EndGlobalSection
	GlobalSection(NestedProjects) = preSolution
		{5E9344F5-B34C-4115-93D8-EFB699FF5910} = {D3098C21-0BFD-47AB-9998-FF9345F5C4C2}
		{121E9F2C-A69E-4F71-A7C7-928EA122337D} = {D3098C21-0BFD-47AB-9998-FF9345F5C4C2}
								{EB880B73-BF2D-4C39-A019-2A3CB4F804AF} = {D3098C21-0BFD-47AB-9998-FF9345F5C4C2}
		{4A9C491A-BAA9-4AA2-9CA4-25061B5E09F4} = {D3098C21-0BFD-47AB-9998-FF9345F5C4C2}
		{EB880B73-BF2D-4C39-A019-2A3CB4F804AF} = {D3098C21-0BFD-47AB-9998-FF9345F5C4C2}
		{9BF5E69D-4518-406D-B641-CE3374F3BB49} = {1DB70A01-80B9-4F78-A0DA-E2DAB15BAAF6}
		{DC390ABC-CB95-4BC9-BD01-4D004BAE59A1} = {1DB70A01-80B9-4F78-A0DA-E2DAB15BAAF6}
		{AD4DC541-1EDB-47FD-96A8-4FA91A550E20} = {1DB70A01-80B9-4F78-A0DA-E2DAB15BAAF6}
		{ED01955A-23A5-4107-8FDD-2E906B839FCC} = {1DB70A01-80B9-4F78-A0DA-E2DAB15BAAF6}
	
		{E5E5DCA0-B799-4E0A-925C-36FB6231D336} = {1DB70A01-80B9-4F78-A0DA-E2DAB15BAAF6}
		{C6C95E17-6285-4B31-A460-120D318AD928} = {FF50D1FC-9A3D-4F38-BFDF-08C3B9133316}
		{93B82477-D894-4C01-913E-E86E171E4878} = {FF50D1FC-9A3D-4F38-BFDF-08C3B9133316}
		{6B946D36-0D90-489B-8273-D90C0EE5FF1B} = {FF50D1FC-9A3D-4F38-BFDF-08C3B9133316}
		{17B189F4-E69B-4E33-AE5F-0312278CB312} = {FF50D1FC-9A3D-4F38-BFDF-08C3B9133316}
		{229A1150-CAF0-40C8-9DF5-C65B002FF1C8} = {FF50D1FC-9A3D-4F38-BFDF-08C3B9133316}
		{F7546DF6-E509-4E0F-AE68-20A4AB88003A} = {E160F0F6-39EF-4E30-817F-0CBFC653A154}
		{72313028-46E8-4C0C-A7CF-F989AC4AB8DD} = {FF50D1FC-9A3D-4F38-BFDF-08C3B9133316}
		{73C6A1FF-4B1A-485D-8E00-D2E026AD6727} = {E160F0F6-39EF-4E30-817F-0CBFC653A154}
		{BA0F6536-6FA4-4353-90ED-8ED157ECA5EE} = {BF704669-E5CE-4D3A-BD01-636C2406ACFB}
		{1EC3CF0E-7CFD-4E14-88D9-0B8D4F879DB4} = {BF704669-E5CE-4D3A-BD01-636C2406ACFB}
		{9EECB882-D2F1-4148-AF3B-A5AB9FBCA1FC} = {E160F0F6-39EF-4E30-817F-0CBFC653A154}
		{F9EDE00C-53BA-4219-B458-6F8C3A24021F} = {E160F0F6-39EF-4E30-817F-0CBFC653A154}
		{C3B3A9BC-B702-4401-8223-632C6FF8F4D6} = {E160F0F6-39EF-4E30-817F-0CBFC653A154}
	EndGlobalSection
	GlobalSection(ProjectConfigurationPlatforms) = postSolution
		{5E9344F5-B34C-4115-93D8-EFB699FF5910}.Debug|Any CPU.ActiveCfg = Debug|Any CPU
		{5E9344F5-B34C-4115-93D8-EFB699FF5910}.Debug|Any CPU.Build.0 = Debug|Any CPU
		{5E9344F5-B34C-4115-93D8-EFB699FF5910}.Release|Any CPU.ActiveCfg = Release|Any CPU
		{5E9344F5-B34C-4115-93D8-EFB699FF5910}.Release|Any CPU.Build.0 = Release|Any CPU
		{121E9F2C-A69E-4F71-A7C7-928EA122337D}.Debug|Any CPU.ActiveCfg = Debug|Any CPU
								{121E9F2C-A69E-4F71-A7C7-928EA122337D}.Debug|Any CPU.Build.0 = Debug|Any CPU
								{121E9F2C-A69E-4F71-A7C7-928EA122337D}.Release|Any CPU.ActiveCfg = Release|Any CPU
								{121E9F2C-A69E-4F71-A7C7-928EA122337D}.Release|Any CPU.Build.0 = Release|Any CPU
								{EB880B73-BF2D-4C39-A019-2A3CB4F804AF}.Debug|Any CPU.ActiveCfg = Debug|Any CPU
								{EB880B73-BF2D-4C39-A019-2A3CB4F804AF}.Debug|Any CPU.Build.0 = Debug|Any CPU
								{EB880B73-BF2D-4C39-A019-2A3CB4F804AF}.Release|Any CPU.ActiveCfg = Release|Any CPU
								{EB880B73-BF2D-4C39-A019-2A3CB4F804AF}.Release|Any CPU.Build.0 = Release|Any CPU
		{4A9C491A-BAA9-4AA2-9CA4-25061B5E09F4}.Debug|Any CPU.ActiveCfg = Debug|Any CPU
		{4A9C491A-BAA9-4AA2-9CA4-25061B5E09F4}.Debug|Any CPU.Build.0 = Debug|Any CPU
		{4A9C491A-BAA9-4AA2-9CA4-25061B5E09F4}.Release|Any CPU.ActiveCfg = Release|Any CPU
		{4A9C491A-BAA9-4AA2-9CA4-25061B5E09F4}.Release|Any CPU.Build.0 = Release|Any CPU
		{121E9F2C-A69E-4F71-A7C7-928EA122337D}.Debug|Any CPU.Build.0 = Debug|Any CPU
		{121E9F2C-A69E-4F71-A7C7-928EA122337D}.Release|Any CPU.ActiveCfg = Release|Any CPU
		{121E9F2C-A69E-4F71-A7C7-928EA122337D}.Release|Any CPU.Build.0 = Release|Any CPU
		{EB880B73-BF2D-4C39-A019-2A3CB4F804AF}.Debug|Any CPU.ActiveCfg = Debug|Any CPU
		{EB880B73-BF2D-4C39-A019-2A3CB4F804AF}.Debug|Any CPU.Build.0 = Debug|Any CPU
		{EB880B73-BF2D-4C39-A019-2A3CB4F804AF}.Release|Any CPU.ActiveCfg = Release|Any CPU
		{EB880B73-BF2D-4C39-A019-2A3CB4F804AF}.Release|Any CPU.Build.0 = Release|Any CPU
		{9BF5E69D-4518-406D-B641-CE3374F3BB49}.Release|Any CPU.ActiveCfg = Release|Any CPU
		{9BF5E69D-4518-406D-B641-CE3374F3BB49}.Release|Any CPU.Build.0 = Release|Any CPU
		{9BF5E69D-4518-406D-B641-CE3374F3BB49}.Debug|Any CPU.ActiveCfg = Debug|Any CPU
		{9BF5E69D-4518-406D-B641-CE3374F3BB49}.Debug|Any CPU.Build.0 = Debug|Any CPU
		{DC390ABC-CB95-4BC9-BD01-4D004BAE59A1}.Debug|Any CPU.ActiveCfg = Debug|Any CPU
		{DC390ABC-CB95-4BC9-BD01-4D004BAE59A1}.Debug|Any CPU.Build.0 = Debug|Any CPU
		{DC390ABC-CB95-4BC9-BD01-4D004BAE59A1}.Release|Any CPU.ActiveCfg = Release|Any CPU
		{DC390ABC-CB95-4BC9-BD01-4D004BAE59A1}.Release|Any CPU.Build.0 = Release|Any CPU
		{AD4DC541-1EDB-47FD-96A8-4FA91A550E20}.Debug|Any CPU.ActiveCfg = Debug|Any CPU
		{AD4DC541-1EDB-47FD-96A8-4FA91A550E20}.Debug|Any CPU.Build.0 = Debug|Any CPU
		{AD4DC541-1EDB-47FD-96A8-4FA91A550E20}.Release|Any CPU.ActiveCfg = Release|Any CPU
		{AD4DC541-1EDB-47FD-96A8-4FA91A550E20}.Release|Any CPU.Build.0 = Release|Any CPU
		{ED01955A-23A5-4107-8FDD-2E906B839FCC}.Debug|Any CPU.ActiveCfg = Debug|Any CPU
		{ED01955A-23A5-4107-8FDD-2E906B839FCC}.Debug|Any CPU.Build.0 = Debug|Any CPU
		{ED01955A-23A5-4107-8FDD-2E906B839FCC}.Release|Any CPU.ActiveCfg = Release|Any CPU
		{ED01955A-23A5-4107-8FDD-2E906B839FCC}.Release|Any CPU.Build.0 = Release|Any CPU
	
		{E5E5DCA0-B799-4E0A-925C-36FB6231D336}.Debug|Any CPU.ActiveCfg = Debug|Any CPU
		{E5E5DCA0-B799-4E0A-925C-36FB6231D336}.Debug|Any CPU.Build.0 = Debug|Any CPU
		{E5E5DCA0-B799-4E0A-925C-36FB6231D336}.Release|Any CPU.ActiveCfg = Release|Any CPU
		{E5E5DCA0-B799-4E0A-925C-36FB6231D336}.Release|Any CPU.Build.0 = Release|Any CPU
		{C6C95E17-6285-4B31-A460-120D318AD928}.Debug|Any CPU.ActiveCfg = Debug|Any CPU
		{C6C95E17-6285-4B31-A460-120D318AD928}.Debug|Any CPU.Build.0 = Debug|Any CPU
		{C6C95E17-6285-4B31-A460-120D318AD928}.Release|Any CPU.ActiveCfg = Release|Any CPU
		{C6C95E17-6285-4B31-A460-120D318AD928}.Release|Any CPU.Build.0 = Release|Any CPU
		{93B82477-D894-4C01-913E-E86E171E4878}.Debug|Any CPU.ActiveCfg = Debug|Any CPU
		{93B82477-D894-4C01-913E-E86E171E4878}.Debug|Any CPU.Build.0 = Debug|Any CPU
		{93B82477-D894-4C01-913E-E86E171E4878}.Release|Any CPU.ActiveCfg = Release|Any CPU
		{93B82477-D894-4C01-913E-E86E171E4878}.Release|Any CPU.Build.0 = Release|Any CPU
		{6B946D36-0D90-489B-8273-D90C0EE5FF1B}.Debug|Any CPU.ActiveCfg = Debug|Any CPU
		{6B946D36-0D90-489B-8273-D90C0EE5FF1B}.Debug|Any CPU.Build.0 = Debug|Any CPU
		{6B946D36-0D90-489B-8273-D90C0EE5FF1B}.Release|Any CPU.ActiveCfg = Release|Any CPU
		{6B946D36-0D90-489B-8273-D90C0EE5FF1B}.Release|Any CPU.Build.0 = Release|Any CPU
		{17B189F4-E69B-4E33-AE5F-0312278CB312}.Debug|Any CPU.ActiveCfg = Debug|Any CPU
		{17B189F4-E69B-4E33-AE5F-0312278CB312}.Debug|Any CPU.Build.0 = Debug|Any CPU
		{17B189F4-E69B-4E33-AE5F-0312278CB312}.Release|Any CPU.ActiveCfg = Release|Any CPU
		{17B189F4-E69B-4E33-AE5F-0312278CB312}.Release|Any CPU.Build.0 = Release|Any CPU
		{229A1150-CAF0-40C8-9DF5-C65B002FF1C8}.Debug|Any CPU.ActiveCfg = Debug|Any CPU
		{229A1150-CAF0-40C8-9DF5-C65B002FF1C8}.Debug|Any CPU.Build.0 = Debug|Any CPU
		{229A1150-CAF0-40C8-9DF5-C65B002FF1C8}.Release|Any CPU.ActiveCfg = Release|Any CPU
		{229A1150-CAF0-40C8-9DF5-C65B002FF1C8}.Release|Any CPU.Build.0 = Release|Any CPU
		{F7546DF6-E509-4E0F-AE68-20A4AB88003A}.Debug|Any CPU.ActiveCfg = Debug|Any CPU
		{F7546DF6-E509-4E0F-AE68-20A4AB88003A}.Debug|Any CPU.Build.0 = Debug|Any CPU
		{F7546DF6-E509-4E0F-AE68-20A4AB88003A}.Release|Any CPU.ActiveCfg = Release|Any CPU
		{F7546DF6-E509-4E0F-AE68-20A4AB88003A}.Release|Any CPU.Build.0 = Release|Any CPU
		{72313028-46E8-4C0C-A7CF-F989AC4AB8DD}.Debug|Any CPU.ActiveCfg = Debug|Any CPU
		{72313028-46E8-4C0C-A7CF-F989AC4AB8DD}.Debug|Any CPU.Build.0 = Debug|Any CPU
		{72313028-46E8-4C0C-A7CF-F989AC4AB8DD}.Release|Any CPU.ActiveCfg = Release|Any CPU
		{72313028-46E8-4C0C-A7CF-F989AC4AB8DD}.Release|Any CPU.Build.0 = Release|Any CPU
		{73C6A1FF-4B1A-485D-8E00-D2E026AD6727}.Debug|Any CPU.ActiveCfg = Debug|Any CPU
		{73C6A1FF-4B1A-485D-8E00-D2E026AD6727}.Debug|Any CPU.Build.0 = Debug|Any CPU
		{73C6A1FF-4B1A-485D-8E00-D2E026AD6727}.Release|Any CPU.ActiveCfg = Release|Any CPU
		{73C6A1FF-4B1A-485D-8E00-D2E026AD6727}.Release|Any CPU.Build.0 = Release|Any CPU
		{BA0F6536-6FA4-4353-90ED-8ED157ECA5EE}.Debug|Any CPU.ActiveCfg = Debug|Any CPU
		{BA0F6536-6FA4-4353-90ED-8ED157ECA5EE}.Debug|Any CPU.Build.0 = Debug|Any CPU
		{BA0F6536-6FA4-4353-90ED-8ED157ECA5EE}.Release|Any CPU.ActiveCfg = Release|Any CPU
		{BA0F6536-6FA4-4353-90ED-8ED157ECA5EE}.Release|Any CPU.Build.0 = Release|Any CPU
		{F9EDE00C-53BA-4219-B458-6F8C3A24021F}.Debug|Any CPU.ActiveCfg = Debug|Any CPU
		{F9EDE00C-53BA-4219-B458-6F8C3A24021F}.Debug|Any CPU.Build.0 = Debug|Any CPU
		{F9EDE00C-53BA-4219-B458-6F8C3A24021F}.Release|Any CPU.ActiveCfg = Release|Any CPU
		{F9EDE00C-53BA-4219-B458-6F8C3A24021F}.Release|Any CPU.Build.0 = Release|Any CPU
		{9EECB882-D2F1-4148-AF3B-A5AB9FBCA1FC}.Debug|Any CPU.ActiveCfg = Debug|Any CPU
		{9EECB882-D2F1-4148-AF3B-A5AB9FBCA1FC}.Debug|Any CPU.Build.0 = Debug|Any CPU
		{9EECB882-D2F1-4148-AF3B-A5AB9FBCA1FC}.Release|Any CPU.ActiveCfg = Release|Any CPU
		{9EECB882-D2F1-4148-AF3B-A5AB9FBCA1FC}.Release|Any CPU.Build.0 = Release|Any CPU
		{1EC3CF0E-7CFD-4E14-88D9-0B8D4F879DB4}.Debug|Any CPU.ActiveCfg = Debug|Any CPU
		{1EC3CF0E-7CFD-4E14-88D9-0B8D4F879DB4}.Debug|Any CPU.Build.0 = Debug|Any CPU
		{1EC3CF0E-7CFD-4E14-88D9-0B8D4F879DB4}.Release|Any CPU.ActiveCfg = Release|Any CPU
		{1EC3CF0E-7CFD-4E14-88D9-0B8D4F879DB4}.Release|Any CPU.Build.0 = Release|Any CPU
		{C3B3A9BC-B702-4401-8223-632C6FF8F4D6}.Debug|Any CPU.ActiveCfg = Debug|Any CPU
		{C3B3A9BC-B702-4401-8223-632C6FF8F4D6}.Debug|Any CPU.Build.0 = Debug|Any CPU
		{C3B3A9BC-B702-4401-8223-632C6FF8F4D6}.Release|Any CPU.ActiveCfg = Release|Any CPU
		{C3B3A9BC-B702-4401-8223-632C6FF8F4D6}.Release|Any CPU.Build.0 = Release|Any CPU
	EndGlobalSection
EndGlobal
